// !$*UTF8*$!
{
	archiveVersion = 1;
	classes = {
	};
	objectVersion = 46;
	objects = {

/* Begin PBXBuildFile section */
		6D19A3F61A1EF1E700D41178 /* Main2ViewController.swift in Sources */ = {isa = PBXBuildFile; fileRef = 6D19A3F51A1EF1E700D41178 /* Main2ViewController.swift */; };
		6D7FCDDB1A070CE700A85E03 /* AppDelegate.swift in Sources */ = {isa = PBXBuildFile; fileRef = 6D7FCDDA1A070CE700A85E03 /* AppDelegate.swift */; };
		6D7FCDDD1A070CE700A85E03 /* ViewController.swift in Sources */ = {isa = PBXBuildFile; fileRef = 6D7FCDDC1A070CE700A85E03 /* ViewController.swift */; };
		6D7FCDE01A070CE700A85E03 /* Main.storyboard in Resources */ = {isa = PBXBuildFile; fileRef = 6D7FCDDE1A070CE700A85E03 /* Main.storyboard */; };
		6D7FCDE21A070CE700A85E03 /* Images.xcassets in Resources */ = {isa = PBXBuildFile; fileRef = 6D7FCDE11A070CE700A85E03 /* Images.xcassets */; };
		6D7FCDE51A070CE700A85E03 /* LaunchScreen.xib in Resources */ = {isa = PBXBuildFile; fileRef = 6D7FCDE31A070CE700A85E03 /* LaunchScreen.xib */; };
		6D7FCDF11A070CE700A85E03 /* HackHuaAppTests.swift in Sources */ = {isa = PBXBuildFile; fileRef = 6D7FCDF01A070CE700A85E03 /* HackHuaAppTests.swift */; };
		6D969C901A136BF5002EEB5E /* いたい.wav in Resources */ = {isa = PBXBuildFile; fileRef = 6D969C8F1A136BF5002EEB5E /* いたい.wav */; };
		6D969C921A136BFD002EEB5E /* いてっ.wav in Resources */ = {isa = PBXBuildFile; fileRef = 6D969C911A136BFD002EEB5E /* いてっ.wav */; };
		6D969C941A136C06002EEB5E /* いたいってば.wav in Resources */ = {isa = PBXBuildFile; fileRef = 6D969C931A136C06002EEB5E /* いたいってば.wav */; };
		6D969C961A136DD9002EEB5E /* naki.jpg in Resources */ = {isa = PBXBuildFile; fileRef = 6D969C951A136DD9002EEB5E /* naki.jpg */; };
		6D969C981A136DDF002EEB5E /* odorokijpg.jpg in Resources */ = {isa = PBXBuildFile; fileRef = 6D969C971A136DDF002EEB5E /* odorokijpg.jpg */; };
		6D969C9A1A136DE6002EEB5E /* warai.jpg in Resources */ = {isa = PBXBuildFile; fileRef = 6D969C991A136DE6002EEB5E /* warai.jpg */; };
		6D969C9C1A137096002EEB5E /* ooi.wav in Resources */ = {isa = PBXBuildFile; fileRef = 6D969C9B1A137096002EEB5E /* ooi.wav */; };
		6DAD42851A0DC67F006DA98F /* acceledataViewController.swift in Sources */ = {isa = PBXBuildFile; fileRef = 6DAD42841A0DC67F006DA98F /* acceledataViewController.swift */; };
		6DAD42871A0DC9CC006DA98F /* MainViewController.swift in Sources */ = {isa = PBXBuildFile; fileRef = 6DAD42861A0DC9CC006DA98F /* MainViewController.swift */; };
		6DB7B24E1A1EF96E0014B3E1 /* konnitiha01.wav in Resources */ = {isa = PBXBuildFile; fileRef = 6DB7B24D1A1EF96E0014B3E1 /* konnitiha01.wav */; };
		6DB7B2501A1EF9800014B3E1 /* konnitiha02.wav in Resources */ = {isa = PBXBuildFile; fileRef = 6DB7B24F1A1EF9800014B3E1 /* konnitiha02.wav */; };
		6DB7B2521A1EF98A0014B3E1 /* itam01.wav in Resources */ = {isa = PBXBuildFile; fileRef = 6DB7B2511A1EF98A0014B3E1 /* itam01.wav */; };
		6DB7B2541A1EF9910014B3E1 /* itam02.wav in Resources */ = {isa = PBXBuildFile; fileRef = 6DB7B2531A1EF9910014B3E1 /* itam02.wav */; };
		6DB7B2561A203ADD0014B3E1 /* Main3ViewController.swift in Sources */ = {isa = PBXBuildFile; fileRef = 6DB7B2551A203ADD0014B3E1 /* Main3ViewController.swift */; };
		6DB7B2581A203BFE0014B3E1 /* mec04.mp3 in Resources */ = {isa = PBXBuildFile; fileRef = 6DB7B2571A203BFE0014B3E1 /* mec04.mp3 */; };
		6DB7B25A1A203D030014B3E1 /* mec02.mp3 in Resources */ = {isa = PBXBuildFile; fileRef = 6DB7B2591A203D030014B3E1 /* mec02.mp3 */; };
		6DB7B25C1A203D120014B3E1 /* mec01.mp3 in Resources */ = {isa = PBXBuildFile; fileRef = 6DB7B25B1A203D120014B3E1 /* mec01.mp3 */; };
		6DB7B25E1A203D1C0014B3E1 /* mec03.mp3 in Resources */ = {isa = PBXBuildFile; fileRef = 6DB7B25D1A203D1C0014B3E1 /* mec03.mp3 */; };
		6DB7B2601A203D250014B3E1 /* mec05.wav in Resources */ = {isa = PBXBuildFile; fileRef = 6DB7B25F1A203D250014B3E1 /* mec05.wav */; };
		6DC391A91A220ED40062A501 /* back07.png in Resources */ = {isa = PBXBuildFile; fileRef = 6DC391A81A220ED40062A501 /* back07.png */; };
		6DC391AB1A2214B80062A501 /* Man001.png in Resources */ = {isa = PBXBuildFile; fileRef = 6DC391AA1A2214B80062A501 /* Man001.png */; };
		6DC391AD1A2214C30062A501 /* Man002.png in Resources */ = {isa = PBXBuildFile; fileRef = 6DC391AC1A2214C30062A501 /* Man002.png */; };
		6DC391AF1A2214CF0062A501 /* Robo001.png in Resources */ = {isa = PBXBuildFile; fileRef = 6DC391AE1A2214CF0062A501 /* Robo001.png */; };
		6DC391B11A2214D60062A501 /* Robo002.png in Resources */ = {isa = PBXBuildFile; fileRef = 6DC391B01A2214D60062A501 /* Robo002.png */; };
		6DC391B31A2214E20062A501 /* Robo003.png in Resources */ = {isa = PBXBuildFile; fileRef = 6DC391B21A2214E20062A501 /* Robo003.png */; };
		6DC391B51A2214F20062A501 /* Woman001.png in Resources */ = {isa = PBXBuildFile; fileRef = 6DC391B41A2214F20062A501 /* Woman001.png */; };
		6DC391B71A2214FA0062A501 /* Woman002.png in Resources */ = {isa = PBXBuildFile; fileRef = 6DC391B61A2214FA0062A501 /* Woman002.png */; };
		6DC391B91A2218AE0062A501 /* Man01.png in Resources */ = {isa = PBXBuildFile; fileRef = 6DC391B81A2218AE0062A501 /* Man01.png */; };
		6DC391BB1A2218BB0062A501 /* Man02.png in Resources */ = {isa = PBXBuildFile; fileRef = 6DC391BA1A2218BB0062A501 /* Man02.png */; };
		6DC391BD1A2218C70062A501 /* Robo01.png in Resources */ = {isa = PBXBuildFile; fileRef = 6DC391BC1A2218C70062A501 /* Robo01.png */; };
		6DC391BF1A2218CE0062A501 /* Robo02.png in Resources */ = {isa = PBXBuildFile; fileRef = 6DC391BE1A2218CE0062A501 /* Robo02.png */; };
		6DC391C11A2218D80062A501 /* Robo03.png in Resources */ = {isa = PBXBuildFile; fileRef = 6DC391C01A2218D80062A501 /* Robo03.png */; };
		6DC391C31A2218E70062A501 /* Woman01.png in Resources */ = {isa = PBXBuildFile; fileRef = 6DC391C21A2218E70062A501 /* Woman01.png */; };
		6DC391C51A2218EF0062A501 /* Woman02.png in Resources */ = {isa = PBXBuildFile; fileRef = 6DC391C41A2218EF0062A501 /* Woman02.png */; };
		6DC391C91A221E8F0062A501 /* rakka.mp3 in Resources */ = {isa = PBXBuildFile; fileRef = 6DC391C81A221E8F0062A501 /* rakka.mp3 */; };
		6DC391CB1A221E980062A501 /* uwaM01.mp3 in Resources */ = {isa = PBXBuildFile; fileRef = 6DC391CA1A221E980062A501 /* uwaM01.mp3 */; };
		6DC391CD1A221EA00062A501 /* uwaM02.mp3 in Resources */ = {isa = PBXBuildFile; fileRef = 6DC391CC1A221EA00062A501 /* uwaM02.mp3 */; };
		6DC391CF1A221EA70062A501 /* uwaM03.mp3 in Resources */ = {isa = PBXBuildFile; fileRef = 6DC391CE1A221EA70062A501 /* uwaM03.mp3 */; };
		6DC391D11A221EB70062A501 /* itaW02.mp3 in Resources */ = {isa = PBXBuildFile; fileRef = 6DC391D01A221EB70062A501 /* itaW02.mp3 */; };
		6DC391D31A221EC00062A501 /* uhaW01.mp3 in Resources */ = {isa = PBXBuildFile; fileRef = 6DC391D21A221EC00062A501 /* uhaW01.mp3 */; };
		6DC391D51A221EC70062A501 /* itaW03.mp3 in Resources */ = {isa = PBXBuildFile; fileRef = 6DC391D41A221EC70062A501 /* itaW03.mp3 */; };
		6DC391D71A221ECE0062A501 /* itaW01.mp3 in Resources */ = {isa = PBXBuildFile; fileRef = 6DC391D61A221ECE0062A501 /* itaW01.mp3 */; };
		6DC391D91A221F050062A501 /* uaM04.mp3 in Resources */ = {isa = PBXBuildFile; fileRef = 6DC391D81A221F050062A501 /* uaM04.mp3 */; };
		6DC391DB1A222C250062A501 /* Roboa.png in Resources */ = {isa = PBXBuildFile; fileRef = 6DC391DA1A222C250062A501 /* Roboa.png */; };
		6DC391DD1A222EF90062A501 /* Robo.png in Resources */ = {isa = PBXBuildFile; fileRef = 6DC391DC1A222EF90062A501 /* Robo.png */; };
		6DC391DF1A2237770062A501 /* Man.png in Resources */ = {isa = PBXBuildFile; fileRef = 6DC391DE1A2237770062A501 /* Man.png */; };
		6DC391E11A2237890062A501 /* Robo.png in Resources */ = {isa = PBXBuildFile; fileRef = 6DC391E01A2237890062A501 /* Robo.png */; };
		6DC391E31A2237920062A501 /* Woman.png in Resources */ = {isa = PBXBuildFile; fileRef = 6DC391E21A2237920062A501 /* Woman.png */; };
/* End PBXBuildFile section */

/* Begin PBXContainerItemProxy section */
		6D7FCDEB1A070CE700A85E03 /* PBXContainerItemProxy */ = {
			isa = PBXContainerItemProxy;
			containerPortal = 6D7FCDCD1A070CE700A85E03 /* Project object */;
			proxyType = 1;
			remoteGlobalIDString = 6D7FCDD41A070CE700A85E03;
			remoteInfo = HackHuaApp;
		};
/* End PBXContainerItemProxy section */

/* Begin PBXFileReference section */
		6D19A3F51A1EF1E700D41178 /* Main2ViewController.swift */ = {isa = PBXFileReference; fileEncoding = 4; lastKnownFileType = sourcecode.swift; path = Main2ViewController.swift; sourceTree = "<group>"; };
		6D7FCDD51A070CE700A85E03 /* HackHuaApp.app */ = {isa = PBXFileReference; explicitFileType = wrapper.application; includeInIndex = 0; path = HackHuaApp.app; sourceTree = BUILT_PRODUCTS_DIR; };
		6D7FCDD91A070CE700A85E03 /* Info.plist */ = {isa = PBXFileReference; lastKnownFileType = text.plist.xml; path = Info.plist; sourceTree = "<group>"; };
		6D7FCDDA1A070CE700A85E03 /* AppDelegate.swift */ = {isa = PBXFileReference; lastKnownFileType = sourcecode.swift; path = AppDelegate.swift; sourceTree = "<group>"; };
		6D7FCDDC1A070CE700A85E03 /* ViewController.swift */ = {isa = PBXFileReference; lastKnownFileType = sourcecode.swift; lineEnding = 0; path = ViewController.swift; sourceTree = "<group>"; };
		6D7FCDDF1A070CE700A85E03 /* Base */ = {isa = PBXFileReference; lastKnownFileType = file.storyboard; name = Base; path = Base.lproj/Main.storyboard; sourceTree = "<group>"; };
		6D7FCDE11A070CE700A85E03 /* Images.xcassets */ = {isa = PBXFileReference; lastKnownFileType = folder.assetcatalog; path = Images.xcassets; sourceTree = "<group>"; };
		6D7FCDE41A070CE700A85E03 /* Base */ = {isa = PBXFileReference; lastKnownFileType = file.xib; name = Base; path = Base.lproj/LaunchScreen.xib; sourceTree = "<group>"; };
		6D7FCDEA1A070CE700A85E03 /* HackHuaAppTests.xctest */ = {isa = PBXFileReference; explicitFileType = wrapper.cfbundle; includeInIndex = 0; path = HackHuaAppTests.xctest; sourceTree = BUILT_PRODUCTS_DIR; };
		6D7FCDEF1A070CE700A85E03 /* Info.plist */ = {isa = PBXFileReference; lastKnownFileType = text.plist.xml; path = Info.plist; sourceTree = "<group>"; };
		6D7FCDF01A070CE700A85E03 /* HackHuaAppTests.swift */ = {isa = PBXFileReference; lastKnownFileType = sourcecode.swift; path = HackHuaAppTests.swift; sourceTree = "<group>"; };
		6D969C8F1A136BF5002EEB5E /* いたい.wav */ = {isa = PBXFileReference; lastKnownFileType = audio.wav; path = "いたい.wav"; sourceTree = "<group>"; };
		6D969C911A136BFD002EEB5E /* いてっ.wav */ = {isa = PBXFileReference; lastKnownFileType = audio.wav; path = "いてっ.wav"; sourceTree = "<group>"; };
		6D969C931A136C06002EEB5E /* いたいってば.wav */ = {isa = PBXFileReference; lastKnownFileType = audio.wav; path = "いたいってば.wav"; sourceTree = "<group>"; };
		6D969C951A136DD9002EEB5E /* naki.jpg */ = {isa = PBXFileReference; lastKnownFileType = image.jpeg; path = naki.jpg; sourceTree = "<group>"; };
		6D969C971A136DDF002EEB5E /* odorokijpg.jpg */ = {isa = PBXFileReference; lastKnownFileType = image.jpeg; path = odorokijpg.jpg; sourceTree = "<group>"; };
		6D969C991A136DE6002EEB5E /* warai.jpg */ = {isa = PBXFileReference; lastKnownFileType = image.jpeg; path = warai.jpg; sourceTree = "<group>"; };
		6D969C9B1A137096002EEB5E /* ooi.wav */ = {isa = PBXFileReference; lastKnownFileType = audio.wav; path = ooi.wav; sourceTree = "<group>"; };
		6DAD42841A0DC67F006DA98F /* acceledataViewController.swift */ = {isa = PBXFileReference; fileEncoding = 4; lastKnownFileType = sourcecode.swift; path = acceledataViewController.swift; sourceTree = "<group>"; };
		6DAD42861A0DC9CC006DA98F /* MainViewController.swift */ = {isa = PBXFileReference; fileEncoding = 4; lastKnownFileType = sourcecode.swift; path = MainViewController.swift; sourceTree = "<group>"; };
		6DB7B24D1A1EF96E0014B3E1 /* konnitiha01.wav */ = {isa = PBXFileReference; lastKnownFileType = audio.wav; path = konnitiha01.wav; sourceTree = "<group>"; };
		6DB7B24F1A1EF9800014B3E1 /* konnitiha02.wav */ = {isa = PBXFileReference; lastKnownFileType = audio.wav; path = konnitiha02.wav; sourceTree = "<group>"; };
		6DB7B2511A1EF98A0014B3E1 /* itam01.wav */ = {isa = PBXFileReference; lastKnownFileType = audio.wav; path = itam01.wav; sourceTree = "<group>"; };
		6DB7B2531A1EF9910014B3E1 /* itam02.wav */ = {isa = PBXFileReference; lastKnownFileType = audio.wav; path = itam02.wav; sourceTree = "<group>"; };
		6DB7B2551A203ADD0014B3E1 /* Main3ViewController.swift */ = {isa = PBXFileReference; fileEncoding = 4; lastKnownFileType = sourcecode.swift; path = Main3ViewController.swift; sourceTree = "<group>"; };
		6DB7B2571A203BFE0014B3E1 /* mec04.mp3 */ = {isa = PBXFileReference; lastKnownFileType = audio.mp3; path = mec04.mp3; sourceTree = "<group>"; };
		6DB7B2591A203D030014B3E1 /* mec02.mp3 */ = {isa = PBXFileReference; lastKnownFileType = audio.mp3; path = mec02.mp3; sourceTree = "<group>"; };
		6DB7B25B1A203D120014B3E1 /* mec01.mp3 */ = {isa = PBXFileReference; lastKnownFileType = audio.mp3; path = mec01.mp3; sourceTree = "<group>"; };
		6DB7B25D1A203D1C0014B3E1 /* mec03.mp3 */ = {isa = PBXFileReference; lastKnownFileType = audio.mp3; path = mec03.mp3; sourceTree = "<group>"; };
		6DB7B25F1A203D250014B3E1 /* mec05.wav */ = {isa = PBXFileReference; lastKnownFileType = audio.wav; path = mec05.wav; sourceTree = "<group>"; };
		6DC391A81A220ED40062A501 /* back07.png */ = {isa = PBXFileReference; lastKnownFileType = image.png; path = back07.png; sourceTree = "<group>"; };
		6DC391AA1A2214B80062A501 /* Man001.png */ = {isa = PBXFileReference; lastKnownFileType = image.png; path = Man001.png; sourceTree = "<group>"; };
		6DC391AC1A2214C30062A501 /* Man002.png */ = {isa = PBXFileReference; lastKnownFileType = image.png; path = Man002.png; sourceTree = "<group>"; };
		6DC391AE1A2214CF0062A501 /* Robo001.png */ = {isa = PBXFileReference; lastKnownFileType = image.png; path = Robo001.png; sourceTree = "<group>"; };
		6DC391B01A2214D60062A501 /* Robo002.png */ = {isa = PBXFileReference; lastKnownFileType = image.png; path = Robo002.png; sourceTree = "<group>"; };
		6DC391B21A2214E20062A501 /* Robo003.png */ = {isa = PBXFileReference; lastKnownFileType = image.png; path = Robo003.png; sourceTree = "<group>"; };
		6DC391B41A2214F20062A501 /* Woman001.png */ = {isa = PBXFileReference; lastKnownFileType = image.png; path = Woman001.png; sourceTree = "<group>"; };
		6DC391B61A2214FA0062A501 /* Woman002.png */ = {isa = PBXFileReference; lastKnownFileType = image.png; path = Woman002.png; sourceTree = "<group>"; };
		6DC391B81A2218AE0062A501 /* Man01.png */ = {isa = PBXFileReference; lastKnownFileType = image.png; path = Man01.png; sourceTree = "<group>"; };
		6DC391BA1A2218BB0062A501 /* Man02.png */ = {isa = PBXFileReference; lastKnownFileType = image.png; path = Man02.png; sourceTree = "<group>"; };
		6DC391BC1A2218C70062A501 /* Robo01.png */ = {isa = PBXFileReference; lastKnownFileType = image.png; path = Robo01.png; sourceTree = "<group>"; };
		6DC391BE1A2218CE0062A501 /* Robo02.png */ = {isa = PBXFileReference; lastKnownFileType = image.png; path = Robo02.png; sourceTree = "<group>"; };
		6DC391C01A2218D80062A501 /* Robo03.png */ = {isa = PBXFileReference; lastKnownFileType = image.png; path = Robo03.png; sourceTree = "<group>"; };
		6DC391C21A2218E70062A501 /* Woman01.png */ = {isa = PBXFileReference; lastKnownFileType = image.png; path = Woman01.png; sourceTree = "<group>"; };
		6DC391C41A2218EF0062A501 /* Woman02.png */ = {isa = PBXFileReference; lastKnownFileType = image.png; path = Woman02.png; sourceTree = "<group>"; };
		6DC391C81A221E8F0062A501 /* rakka.mp3 */ = {isa = PBXFileReference; lastKnownFileType = audio.mp3; path = rakka.mp3; sourceTree = "<group>"; };
		6DC391CA1A221E980062A501 /* uwaM01.mp3 */ = {isa = PBXFileReference; lastKnownFileType = audio.mp3; path = uwaM01.mp3; sourceTree = "<group>"; };
		6DC391CC1A221EA00062A501 /* uwaM02.mp3 */ = {isa = PBXFileReference; lastKnownFileType = audio.mp3; path = uwaM02.mp3; sourceTree = "<group>"; };
		6DC391CE1A221EA70062A501 /* uwaM03.mp3 */ = {isa = PBXFileReference; lastKnownFileType = audio.mp3; path = uwaM03.mp3; sourceTree = "<group>"; };
		6DC391D01A221EB70062A501 /* itaW02.mp3 */ = {isa = PBXFileReference; lastKnownFileType = audio.mp3; path = itaW02.mp3; sourceTree = "<group>"; };
		6DC391D21A221EC00062A501 /* uhaW01.mp3 */ = {isa = PBXFileReference; lastKnownFileType = audio.mp3; path = uhaW01.mp3; sourceTree = "<group>"; };
		6DC391D41A221EC70062A501 /* itaW03.mp3 */ = {isa = PBXFileReference; lastKnownFileType = audio.mp3; path = itaW03.mp3; sourceTree = "<group>"; };
		6DC391D61A221ECE0062A501 /* itaW01.mp3 */ = {isa = PBXFileReference; lastKnownFileType = audio.mp3; path = itaW01.mp3; sourceTree = "<group>"; };
		6DC391D81A221F050062A501 /* uaM04.mp3 */ = {isa = PBXFileReference; lastKnownFileType = audio.mp3; path = uaM04.mp3; sourceTree = "<group>"; };
		6DC391DA1A222C250062A501 /* Roboa.png */ = {isa = PBXFileReference; lastKnownFileType = image.png; path = Roboa.png; sourceTree = "<group>"; };
		6DC391DC1A222EF90062A501 /* Robo.png */ = {isa = PBXFileReference; lastKnownFileType = image.png; name = Robo.png; path = HackHuaApp/Robo.png; sourceTree = "<group>"; };
		6DC391DE1A2237770062A501 /* Man.png */ = {isa = PBXFileReference; lastKnownFileType = image.png; path = Man.png; sourceTree = "<group>"; };
		6DC391E01A2237890062A501 /* Robo.png */ = {isa = PBXFileReference; lastKnownFileType = image.png; path = Robo.png; sourceTree = "<group>"; };
		6DC391E21A2237920062A501 /* Woman.png */ = {isa = PBXFileReference; lastKnownFileType = image.png; path = Woman.png; sourceTree = "<group>"; };
/* End PBXFileReference section */

/* Begin PBXFrameworksBuildPhase section */
		6D7FCDD21A070CE700A85E03 /* Frameworks */ = {
			isa = PBXFrameworksBuildPhase;
			buildActionMask = 2147483647;
			files = (
			);
			runOnlyForDeploymentPostprocessing = 0;
		};
		6D7FCDE71A070CE700A85E03 /* Frameworks */ = {
			isa = PBXFrameworksBuildPhase;
			buildActionMask = 2147483647;
			files = (
			);
			runOnlyForDeploymentPostprocessing = 0;
		};
/* End PBXFrameworksBuildPhase section */

/* Begin PBXGroup section */
		6D7FCDCC1A070CE700A85E03 = {
			isa = PBXGroup;
			children = (
				6D7FCDD71A070CE700A85E03 /* HackHuaApp */,
				6D7FCDED1A070CE700A85E03 /* HackHuaAppTests */,
				6D7FCDD61A070CE700A85E03 /* Products */,
				6DB7B2621A203EFD0014B3E1 /* Picture */,
				6DB7B2611A203E7E0014B3E1 /* mec sound */,
				6DC391C61A221E080062A501 /* Man sound */,
				6DC391C71A221E160062A501 /* Woman sound */,
			);
			sourceTree = "<group>";
		};
		6D7FCDD61A070CE700A85E03 /* Products */ = {
			isa = PBXGroup;
			children = (
				6D7FCDD51A070CE700A85E03 /* HackHuaApp.app */,
				6D7FCDEA1A070CE700A85E03 /* HackHuaAppTests.xctest */,
			);
			name = Products;
			sourceTree = "<group>";
		};
		6D7FCDD71A070CE700A85E03 /* HackHuaApp */ = {
			isa = PBXGroup;
			children = (
				6D7FCDDA1A070CE700A85E03 /* AppDelegate.swift */,
				6D7FCDDC1A070CE700A85E03 /* ViewController.swift */,
				6DAD42841A0DC67F006DA98F /* acceledataViewController.swift */,
				6DAD42861A0DC9CC006DA98F /* MainViewController.swift */,
				6D19A3F51A1EF1E700D41178 /* Main2ViewController.swift */,
				6DB7B2551A203ADD0014B3E1 /* Main3ViewController.swift */,
				6D7FCDDE1A070CE700A85E03 /* Main.storyboard */,
				6D7FCDE11A070CE700A85E03 /* Images.xcassets */,
				6D7FCDE31A070CE700A85E03 /* LaunchScreen.xib */,
				6D7FCDD81A070CE700A85E03 /* Supporting Files */,
			);
			path = HackHuaApp;
			sourceTree = "<group>";
		};
		6D7FCDD81A070CE700A85E03 /* Supporting Files */ = {
			isa = PBXGroup;
			children = (
				6D7FCDD91A070CE700A85E03 /* Info.plist */,
			);
			name = "Supporting Files";
			sourceTree = "<group>";
		};
		6D7FCDED1A070CE700A85E03 /* HackHuaAppTests */ = {
			isa = PBXGroup;
			children = (
				6D7FCDF01A070CE700A85E03 /* HackHuaAppTests.swift */,
				6D7FCDEE1A070CE700A85E03 /* Supporting Files */,
			);
			path = HackHuaAppTests;
			sourceTree = "<group>";
		};
		6D7FCDEE1A070CE700A85E03 /* Supporting Files */ = {
			isa = PBXGroup;
			children = (
				6D7FCDEF1A070CE700A85E03 /* Info.plist */,
			);
			name = "Supporting Files";
			sourceTree = "<group>";
		};
		6DB7B2611A203E7E0014B3E1 /* mec sound */ = {
			isa = PBXGroup;
			children = (
				6DB7B25B1A203D120014B3E1 /* mec01.mp3 */,
				6DB7B2591A203D030014B3E1 /* mec02.mp3 */,
				6DB7B25D1A203D1C0014B3E1 /* mec03.mp3 */,
				6DB7B2571A203BFE0014B3E1 /* mec04.mp3 */,
				6DB7B25F1A203D250014B3E1 /* mec05.wav */,
			);
			name = "mec sound";
			sourceTree = "<group>";
		};
		6DB7B2621A203EFD0014B3E1 /* Picture */ = {
			isa = PBXGroup;
			children = (
				6DC391E21A2237920062A501 /* Woman.png */,
				6DC391DC1A222EF90062A501 /* Robo.png */,
				6DC391E01A2237890062A501 /* Robo.png */,
				6DC391DE1A2237770062A501 /* Man.png */,
				6DC391DA1A222C250062A501 /* Roboa.png */,
				6DC391C41A2218EF0062A501 /* Woman02.png */,
				6DC391C21A2218E70062A501 /* Woman01.png */,
				6DC391C01A2218D80062A501 /* Robo03.png */,
				6DC391BE1A2218CE0062A501 /* Robo02.png */,
				6DC391BC1A2218C70062A501 /* Robo01.png */,
				6DC391BA1A2218BB0062A501 /* Man02.png */,
				6DC391B81A2218AE0062A501 /* Man01.png */,
				6DC391B61A2214FA0062A501 /* Woman002.png */,
				6DC391B41A2214F20062A501 /* Woman001.png */,
				6DC391B21A2214E20062A501 /* Robo003.png */,
				6DC391B01A2214D60062A501 /* Robo002.png */,
				6DC391AE1A2214CF0062A501 /* Robo001.png */,
				6DC391AC1A2214C30062A501 /* Man002.png */,
				6DC391AA1A2214B80062A501 /* Man001.png */,
				6DC391A81A220ED40062A501 /* back07.png */,
				6D969C991A136DE6002EEB5E /* warai.jpg */,
				6D969C971A136DDF002EEB5E /* odorokijpg.jpg */,
				6D969C951A136DD9002EEB5E /* naki.jpg */,
			);
			name = Picture;
			sourceTree = "<group>";
		};
		6DC391C61A221E080062A501 /* Man sound */ = {
			isa = PBXGroup;
			children = (
				6DC391D81A221F050062A501 /* uaM04.mp3 */,
				6DC391CE1A221EA70062A501 /* uwaM03.mp3 */,
				6DC391CC1A221EA00062A501 /* uwaM02.mp3 */,
				6DC391CA1A221E980062A501 /* uwaM01.mp3 */,
				6DC391C81A221E8F0062A501 /* rakka.mp3 */,
				6DB7B24F1A1EF9800014B3E1 /* konnitiha02.wav */,
				6DB7B2531A1EF9910014B3E1 /* itam02.wav */,
				6DB7B2511A1EF98A0014B3E1 /* itam01.wav */,
			);
			name = "Man sound";
			sourceTree = "<group>";
		};
		6DC391C71A221E160062A501 /* Woman sound */ = {
			isa = PBXGroup;
			children = (
				6DC391D61A221ECE0062A501 /* itaW01.mp3 */,
				6DC391D41A221EC70062A501 /* itaW03.mp3 */,
				6DC391D21A221EC00062A501 /* uhaW01.mp3 */,
				6DC391D01A221EB70062A501 /* itaW02.mp3 */,
				6DB7B24D1A1EF96E0014B3E1 /* konnitiha01.wav */,
				6D969C911A136BFD002EEB5E /* いてっ.wav */,
				6D969C9B1A137096002EEB5E /* ooi.wav */,
				6D969C931A136C06002EEB5E /* いたいってば.wav */,
				6D969C8F1A136BF5002EEB5E /* いたい.wav */,
			);
			name = "Woman sound";
			sourceTree = "<group>";
		};
/* End PBXGroup section */

/* Begin PBXNativeTarget section */
		6D7FCDD41A070CE700A85E03 /* HackHuaApp */ = {
			isa = PBXNativeTarget;
			buildConfigurationList = 6D7FCDF41A070CE700A85E03 /* Build configuration list for PBXNativeTarget "HackHuaApp" */;
			buildPhases = (
				6D7FCDD11A070CE700A85E03 /* Sources */,
				6D7FCDD21A070CE700A85E03 /* Frameworks */,
				6D7FCDD31A070CE700A85E03 /* Resources */,
			);
			buildRules = (
			);
			dependencies = (
			);
			name = HackHuaApp;
			productName = HackHuaApp;
			productReference = 6D7FCDD51A070CE700A85E03 /* HackHuaApp.app */;
			productType = "com.apple.product-type.application";
		};
		6D7FCDE91A070CE700A85E03 /* HackHuaAppTests */ = {
			isa = PBXNativeTarget;
			buildConfigurationList = 6D7FCDF71A070CE700A85E03 /* Build configuration list for PBXNativeTarget "HackHuaAppTests" */;
			buildPhases = (
				6D7FCDE61A070CE700A85E03 /* Sources */,
				6D7FCDE71A070CE700A85E03 /* Frameworks */,
				6D7FCDE81A070CE700A85E03 /* Resources */,
			);
			buildRules = (
			);
			dependencies = (
				6D7FCDEC1A070CE700A85E03 /* PBXTargetDependency */,
			);
			name = HackHuaAppTests;
			productName = HackHuaAppTests;
			productReference = 6D7FCDEA1A070CE700A85E03 /* HackHuaAppTests.xctest */;
			productType = "com.apple.product-type.bundle.unit-test";
		};
/* End PBXNativeTarget section */

/* Begin PBXProject section */
		6D7FCDCD1A070CE700A85E03 /* Project object */ = {
			isa = PBXProject;
			attributes = {
				LastUpgradeCheck = 0610;
				ORGANIZATIONNAME = Hua;
				TargetAttributes = {
					6D7FCDD41A070CE700A85E03 = {
						CreatedOnToolsVersion = 6.1;
					};
					6D7FCDE91A070CE700A85E03 = {
						CreatedOnToolsVersion = 6.1;
						TestTargetID = 6D7FCDD41A070CE700A85E03;
					};
				};
			};
			buildConfigurationList = 6D7FCDD01A070CE700A85E03 /* Build configuration list for PBXProject "HackHuaApp" */;
			compatibilityVersion = "Xcode 3.2";
			developmentRegion = English;
			hasScannedForEncodings = 0;
			knownRegions = (
				en,
				Base,
			);
			mainGroup = 6D7FCDCC1A070CE700A85E03;
			productRefGroup = 6D7FCDD61A070CE700A85E03 /* Products */;
			projectDirPath = "";
			projectRoot = "";
			targets = (
				6D7FCDD41A070CE700A85E03 /* HackHuaApp */,
				6D7FCDE91A070CE700A85E03 /* HackHuaAppTests */,
			);
		};
/* End PBXProject section */

/* Begin PBXResourcesBuildPhase section */
		6D7FCDD31A070CE700A85E03 /* Resources */ = {
			isa = PBXResourcesBuildPhase;
			buildActionMask = 2147483647;
			files = (
				6DC391CD1A221EA00062A501 /* uwaM02.mp3 in Resources */,
				6DB7B2581A203BFE0014B3E1 /* mec04.mp3 in Resources */,
				6D7FCDE01A070CE700A85E03 /* Main.storyboard in Resources */,
				6D969C961A136DD9002EEB5E /* naki.jpg in Resources */,
				6DC391DF1A2237770062A501 /* Man.png in Resources */,
				6DC391CB1A221E980062A501 /* uwaM01.mp3 in Resources */,
				6DC391D91A221F050062A501 /* uaM04.mp3 in Resources */,
				6DC391B11A2214D60062A501 /* Robo002.png in Resources */,
				6DC391C91A221E8F0062A501 /* rakka.mp3 in Resources */,
				6DB7B2521A1EF98A0014B3E1 /* itam01.wav in Resources */,
				6DC391B31A2214E20062A501 /* Robo003.png in Resources */,
				6D7FCDE51A070CE700A85E03 /* LaunchScreen.xib in Resources */,
				6DC391C11A2218D80062A501 /* Robo03.png in Resources */,
				6DB7B24E1A1EF96E0014B3E1 /* konnitiha01.wav in Resources */,
				6DC391E31A2237920062A501 /* Woman.png in Resources */,
				6D969C981A136DDF002EEB5E /* odorokijpg.jpg in Resources */,
				6DC391AD1A2214C30062A501 /* Man002.png in Resources */,
				6DC391B71A2214FA0062A501 /* Woman002.png in Resources */,
				6DC391BD1A2218C70062A501 /* Robo01.png in Resources */,
				6DC391AF1A2214CF0062A501 /* Robo001.png in Resources */,
				6DB7B25A1A203D030014B3E1 /* mec02.mp3 in Resources */,
				6D969C901A136BF5002EEB5E /* いたい.wav in Resources */,
				6DB7B2501A1EF9800014B3E1 /* konnitiha02.wav in Resources */,
				6DC391BF1A2218CE0062A501 /* Robo02.png in Resources */,
				6DC391BB1A2218BB0062A501 /* Man02.png in Resources */,
				6D7FCDE21A070CE700A85E03 /* Images.xcassets in Resources */,
				6DB7B2601A203D250014B3E1 /* mec05.wav in Resources */,
				6DC391C51A2218EF0062A501 /* Woman02.png in Resources */,
				6DB7B25E1A203D1C0014B3E1 /* mec03.mp3 in Resources */,
				6DC391DD1A222EF90062A501 /* Robo.png in Resources */,
				6D969C9A1A136DE6002EEB5E /* warai.jpg in Resources */,
				6DC391D11A221EB70062A501 /* itaW02.mp3 in Resources */,
				6DC391D71A221ECE0062A501 /* itaW01.mp3 in Resources */,
				6DC391B91A2218AE0062A501 /* Man01.png in Resources */,
				6DC391DB1A222C250062A501 /* Roboa.png in Resources */,
				6DC391E11A2237890062A501 /* Robo.png in Resources */,
				6DC391C31A2218E70062A501 /* Woman01.png in Resources */,
				6DC391D51A221EC70062A501 /* itaW03.mp3 in Resources */,
				6DC391D31A221EC00062A501 /* uhaW01.mp3 in Resources */,
				6DC391A91A220ED40062A501 /* back07.png in Resources */,
				6D969C9C1A137096002EEB5E /* ooi.wav in Resources */,
				6DB7B25C1A203D120014B3E1 /* mec01.mp3 in Resources */,
				6DC391AB1A2214B80062A501 /* Man001.png in Resources */,
				6DC391B51A2214F20062A501 /* Woman001.png in Resources */,
				6D969C941A136C06002EEB5E /* いたいってば.wav in Resources */,
				6D969C921A136BFD002EEB5E /* いてっ.wav in Resources */,
				6DB7B2541A1EF9910014B3E1 /* itam02.wav in Resources */,
				6DC391CF1A221EA70062A501 /* uwaM03.mp3 in Resources */,
			);
			runOnlyForDeploymentPostprocessing = 0;
		};
		6D7FCDE81A070CE700A85E03 /* Resources */ = {
			isa = PBXResourcesBuildPhase;
			buildActionMask = 2147483647;
			files = (
			);
			runOnlyForDeploymentPostprocessing = 0;
		};
/* End PBXResourcesBuildPhase section */

/* Begin PBXSourcesBuildPhase section */
		6D7FCDD11A070CE700A85E03 /* Sources */ = {
			isa = PBXSourcesBuildPhase;
			buildActionMask = 2147483647;
			files = (
				6D7FCDDD1A070CE700A85E03 /* ViewController.swift in Sources */,
				6DB7B2561A203ADD0014B3E1 /* Main3ViewController.swift in Sources */,
				6D19A3F61A1EF1E700D41178 /* Main2ViewController.swift in Sources */,
				6DAD42851A0DC67F006DA98F /* acceledataViewController.swift in Sources */,
				6D7FCDDB1A070CE700A85E03 /* AppDelegate.swift in Sources */,
				6DAD42871A0DC9CC006DA98F /* MainViewController.swift in Sources */,
			);
			runOnlyForDeploymentPostprocessing = 0;
		};
		6D7FCDE61A070CE700A85E03 /* Sources */ = {
			isa = PBXSourcesBuildPhase;
			buildActionMask = 2147483647;
			files = (
				6D7FCDF11A070CE700A85E03 /* HackHuaAppTests.swift in Sources */,
			);
			runOnlyForDeploymentPostprocessing = 0;
		};
/* End PBXSourcesBuildPhase section */

/* Begin PBXTargetDependency section */
		6D7FCDEC1A070CE700A85E03 /* PBXTargetDependency */ = {
			isa = PBXTargetDependency;
			target = 6D7FCDD41A070CE700A85E03 /* HackHuaApp */;
			targetProxy = 6D7FCDEB1A070CE700A85E03 /* PBXContainerItemProxy */;
		};
/* End PBXTargetDependency section */

/* Begin PBXVariantGroup section */
		6D7FCDDE1A070CE700A85E03 /* Main.storyboard */ = {
			isa = PBXVariantGroup;
			children = (
				6D7FCDDF1A070CE700A85E03 /* Base */,
			);
			name = Main.storyboard;
			sourceTree = "<group>";
		};
		6D7FCDE31A070CE700A85E03 /* LaunchScreen.xib */ = {
			isa = PBXVariantGroup;
			children = (
				6D7FCDE41A070CE700A85E03 /* Base */,
			);
			name = LaunchScreen.xib;
			sourceTree = "<group>";
		};
/* End PBXVariantGroup section */

/* Begin XCBuildConfiguration section */
		6D7FCDF21A070CE700A85E03 /* Debug */ = {
			isa = XCBuildConfiguration;
			buildSettings = {
				ALWAYS_SEARCH_USER_PATHS = NO;
				CLANG_CXX_LANGUAGE_STANDARD = "gnu++0x";
				CLANG_CXX_LIBRARY = "libc++";
				CLANG_ENABLE_MODULES = YES;
				CLANG_ENABLE_OBJC_ARC = YES;
				CLANG_WARN_BOOL_CONVERSION = YES;
				CLANG_WARN_CONSTANT_CONVERSION = YES;
				CLANG_WARN_DIRECT_OBJC_ISA_USAGE = YES_ERROR;
				CLANG_WARN_EMPTY_BODY = YES;
				CLANG_WARN_ENUM_CONVERSION = YES;
				CLANG_WARN_INT_CONVERSION = YES;
				CLANG_WARN_OBJC_ROOT_CLASS = YES_ERROR;
				CLANG_WARN_UNREACHABLE_CODE = YES;
				CLANG_WARN__DUPLICATE_METHOD_MATCH = YES;
				CODE_SIGN_IDENTITY = "iPhone Developer";
				"CODE_SIGN_IDENTITY[sdk=iphoneos*]" = "iPhone Developer";
				COPY_PHASE_STRIP = NO;
				ENABLE_STRICT_OBJC_MSGSEND = YES;
				GCC_C_LANGUAGE_STANDARD = gnu99;
				GCC_DYNAMIC_NO_PIC = NO;
				GCC_OPTIMIZATION_LEVEL = 0;
				GCC_PREPROCESSOR_DEFINITIONS = (
					"DEBUG=1",
					"$(inherited)",
				);
				GCC_SYMBOLS_PRIVATE_EXTERN = NO;
				GCC_WARN_64_TO_32_BIT_CONVERSION = YES;
				GCC_WARN_ABOUT_RETURN_TYPE = YES_ERROR;
				GCC_WARN_UNDECLARED_SELECTOR = YES;
				GCC_WARN_UNINITIALIZED_AUTOS = YES_AGGRESSIVE;
				GCC_WARN_UNUSED_FUNCTION = YES;
				GCC_WARN_UNUSED_VARIABLE = YES;
				IPHONEOS_DEPLOYMENT_TARGET = 8.1;
				MTL_ENABLE_DEBUG_INFO = YES;
				ONLY_ACTIVE_ARCH = YES;
				PROVISIONING_PROFILE = "";
				SDKROOT = iphoneos;
				SWIFT_OPTIMIZATION_LEVEL = "-Onone";
			};
			name = Debug;
		};
		6D7FCDF31A070CE700A85E03 /* Release */ = {
			isa = XCBuildConfiguration;
			buildSettings = {
				ALWAYS_SEARCH_USER_PATHS = NO;
				CLANG_CXX_LANGUAGE_STANDARD = "gnu++0x";
				CLANG_CXX_LIBRARY = "libc++";
				CLANG_ENABLE_MODULES = YES;
				CLANG_ENABLE_OBJC_ARC = YES;
				CLANG_WARN_BOOL_CONVERSION = YES;
				CLANG_WARN_CONSTANT_CONVERSION = YES;
				CLANG_WARN_DIRECT_OBJC_ISA_USAGE = YES_ERROR;
				CLANG_WARN_EMPTY_BODY = YES;
				CLANG_WARN_ENUM_CONVERSION = YES;
				CLANG_WARN_INT_CONVERSION = YES;
				CLANG_WARN_OBJC_ROOT_CLASS = YES_ERROR;
				CLANG_WARN_UNREACHABLE_CODE = YES;
				CLANG_WARN__DUPLICATE_METHOD_MATCH = YES;
				CODE_SIGN_IDENTITY = "iPhone Developer";
				"CODE_SIGN_IDENTITY[sdk=iphoneos*]" = "iPhone Developer";
				COPY_PHASE_STRIP = YES;
				ENABLE_NS_ASSERTIONS = NO;
				ENABLE_STRICT_OBJC_MSGSEND = YES;
				GCC_C_LANGUAGE_STANDARD = gnu99;
				GCC_WARN_64_TO_32_BIT_CONVERSION = YES;
				GCC_WARN_ABOUT_RETURN_TYPE = YES_ERROR;
				GCC_WARN_UNDECLARED_SELECTOR = YES;
				GCC_WARN_UNINITIALIZED_AUTOS = YES_AGGRESSIVE;
				GCC_WARN_UNUSED_FUNCTION = YES;
				GCC_WARN_UNUSED_VARIABLE = YES;
				IPHONEOS_DEPLOYMENT_TARGET = 8.1;
				MTL_ENABLE_DEBUG_INFO = NO;
				PROVISIONING_PROFILE = "";
				SDKROOT = iphoneos;
				VALIDATE_PRODUCT = YES;
			};
			name = Release;
		};
		6D7FCDF51A070CE700A85E03 /* Debug */ = {
			isa = XCBuildConfiguration;
			buildSettings = {
				ASSETCATALOG_COMPILER_APPICON_NAME = AppIcon;
				INFOPLIST_FILE = HackHuaApp/Info.plist;
				LD_RUNPATH_SEARCH_PATHS = "$(inherited) @executable_path/Frameworks";
				PRODUCT_NAME = "$(TARGET_NAME)";
			};
			name = Debug;
		};
		6D7FCDF61A070CE700A85E03 /* Release */ = {
			isa = XCBuildConfiguration;
			buildSettings = {
				ASSETCATALOG_COMPILER_APPICON_NAME = AppIcon;
				INFOPLIST_FILE = HackHuaApp/Info.plist;
				LD_RUNPATH_SEARCH_PATHS = "$(inherited) @executable_path/Frameworks";
				PRODUCT_NAME = "$(TARGET_NAME)";
			};
			name = Release;
		};
		6D7FCDF81A070CE700A85E03 /* Debug */ = {
			isa = XCBuildConfiguration;
			buildSettings = {
				BUNDLE_LOADER = "$(TEST_HOST)";
				FRAMEWORK_SEARCH_PATHS = (
					"$(SDKROOT)/Developer/Library/Frameworks",
					"$(inherited)",
				);
				GCC_PREPROCESSOR_DEFINITIONS = (
					"DEBUG=1",
					"$(inherited)",
				);
				INFOPLIST_FILE = HackHuaAppTests/Info.plist;
				LD_RUNPATH_SEARCH_PATHS = "$(inherited) @executable_path/Frameworks @loader_path/Frameworks";
				PRODUCT_NAME = "$(TARGET_NAME)";
				TEST_HOST = "$(BUILT_PRODUCTS_DIR)/HackHuaApp.app/HackHuaApp";
			};
			name = Debug;
		};
		6D7FCDF91A070CE700A85E03 /* Release */ = {
			isa = XCBuildConfiguration;
			buildSettings = {
				BUNDLE_LOADER = "$(TEST_HOST)";
				FRAMEWORK_SEARCH_PATHS = (
					"$(SDKROOT)/Developer/Library/Frameworks",
					"$(inherited)",
				);
				INFOPLIST_FILE = HackHuaAppTests/Info.plist;
				LD_RUNPATH_SEARCH_PATHS = "$(inherited) @executable_path/Frameworks @loader_path/Frameworks";
				PRODUCT_NAME = "$(TARGET_NAME)";
				TEST_HOST = "$(BUILT_PRODUCTS_DIR)/HackHuaApp.app/HackHuaApp";
			};
			name = Release;
		};
/* End XCBuildConfiguration section */

/* Begin XCConfigurationList section */
		6D7FCDD01A070CE700A85E03 /* Build configuration list for PBXProject "HackHuaApp" */ = {
			isa = XCConfigurationList;
			buildConfigurations = (
				6D7FCDF21A070CE700A85E03 /* Debug */,
				6D7FCDF31A070CE700A85E03 /* Release */,
			);
			defaultConfigurationIsVisible = 0;
			defaultConfigurationName = Release;
		};
		6D7FCDF41A070CE700A85E03 /* Build configuration list for PBXNativeTarget "HackHuaApp" */ = {
			isa = XCConfigurationList;
			buildConfigurations = (
				6D7FCDF51A070CE700A85E03 /* Debug */,
				6D7FCDF61A070CE700A85E03 /* Release */,
			);
			defaultConfigurationIsVisible = 0;
			defaultConfigurationName = Release;
		};
		6D7FCDF71A070CE700A85E03 /* Build configuration list for PBXNativeTarget "HackHuaAppTests" */ = {
			isa = XCConfigurationList;
			buildConfigurations = (
				6D7FCDF81A070CE700A85E03 /* Debug */,
				6D7FCDF91A070CE700A85E03 /* Release */,
			);
			defaultConfigurationIsVisible = 0;
			defaultConfigurationName = Release;
		};
/* End XCConfigurationList section */
	};
	rootObject = 6D7FCDCD1A070CE700A85E03 /* Project object */;
}
