// !$*UTF8*$!
{
	archiveVersion = 1;
	classes = {
	};
	objectVersion = 46;
	objects = {

/* Begin PBXBuildFile section */
		6D5DFB0A1A107FD30036C812 /* gori2.jpg in Resources */ = {isa = PBXBuildFile; fileRef = 6D5DFB091A107FD30036C812 /* gori2.jpg */; };
		6D5DFB0C1A107FD90036C812 /* gori1.jpg in Resources */ = {isa = PBXBuildFile; fileRef = 6D5DFB0B1A107FD90036C812 /* gori1.jpg */; };
		6D6FC7EA1A110AD700A4FD75 /* ugu.wav in Resources */ = {isa = PBXBuildFile; fileRef = 6D6FC7E91A110AD700A4FD75 /* ugu.wav */; };
		6D6FC7EC1A110ADE00A4FD75 /* ou.wav in Resources */ = {isa = PBXBuildFile; fileRef = 6D6FC7EB1A110ADE00A4FD75 /* ou.wav */; };
		6D6FC7EE1A110AEA00A4FD75 /* guho.mp3 in Resources */ = {isa = PBXBuildFile; fileRef = 6D6FC7ED1A110AEA00A4FD75 /* guho.mp3 */; };
		6D6FC7F01A110B0500A4FD75 /* gori03.jpg in Resources */ = {isa = PBXBuildFile; fileRef = 6D6FC7EF1A110B0500A4FD75 /* gori03.jpg */; };
		6D6FC7F21A110CC600A4FD75 /* ugya.wav in Resources */ = {isa = PBXBuildFile; fileRef = 6D6FC7F11A110CC600A4FD75 /* ugya.wav */; };
		6D7FCDDB1A070CE700A85E03 /* AppDelegate.swift in Sources */ = {isa = PBXBuildFile; fileRef = 6D7FCDDA1A070CE700A85E03 /* AppDelegate.swift */; };
		6D7FCDDD1A070CE700A85E03 /* ViewController.swift in Sources */ = {isa = PBXBuildFile; fileRef = 6D7FCDDC1A070CE700A85E03 /* ViewController.swift */; };
		6D7FCDE01A070CE700A85E03 /* Main.storyboard in Resources */ = {isa = PBXBuildFile; fileRef = 6D7FCDDE1A070CE700A85E03 /* Main.storyboard */; };
		6D7FCDE21A070CE700A85E03 /* Images.xcassets in Resources */ = {isa = PBXBuildFile; fileRef = 6D7FCDE11A070CE700A85E03 /* Images.xcassets */; };
		6D7FCDE51A070CE700A85E03 /* LaunchScreen.xib in Resources */ = {isa = PBXBuildFile; fileRef = 6D7FCDE31A070CE700A85E03 /* LaunchScreen.xib */; };
		6D7FCDF11A070CE700A85E03 /* HackHuaAppTests.swift in Sources */ = {isa = PBXBuildFile; fileRef = 6D7FCDF01A070CE700A85E03 /* HackHuaAppTests.swift */; };
		6D969C901A136BF5002EEB5E /* いたい.wav in Resources */ = {isa = PBXBuildFile; fileRef = 6D969C8F1A136BF5002EEB5E /* いたい.wav */; };
		6D969C921A136BFD002EEB5E /* いてっ.wav in Resources */ = {isa = PBXBuildFile; fileRef = 6D969C911A136BFD002EEB5E /* いてっ.wav */; };
		6D969C941A136C06002EEB5E /* いたいってば.wav in Resources */ = {isa = PBXBuildFile; fileRef = 6D969C931A136C06002EEB5E /* いたいってば.wav */; };
		6D969C961A136DD9002EEB5E /* naki.jpg in Resources */ = {isa = PBXBuildFile; fileRef = 6D969C951A136DD9002EEB5E /* naki.jpg */; };
		6D969C981A136DDF002EEB5E /* odorokijpg.jpg in Resources */ = {isa = PBXBuildFile; fileRef = 6D969C971A136DDF002EEB5E /* odorokijpg.jpg */; };
		6D969C9A1A136DE6002EEB5E /* warai.jpg in Resources */ = {isa = PBXBuildFile; fileRef = 6D969C991A136DE6002EEB5E /* warai.jpg */; };
		6D969C9C1A137096002EEB5E /* ooi.wav in Resources */ = {isa = PBXBuildFile; fileRef = 6D969C9B1A137096002EEB5E /* ooi.wav */; };
		6DAD42551A0DBA51006DA98F /* seikei.jpg in Resources */ = {isa = PBXBuildFile; fileRef = 6DAD42541A0DBA51006DA98F /* seikei.jpg */; };
		6DAD42851A0DC67F006DA98F /* acceledataViewController.swift in Sources */ = {isa = PBXBuildFile; fileRef = 6DAD42841A0DC67F006DA98F /* acceledataViewController.swift */; };
		6DAD42871A0DC9CC006DA98F /* MainViewController.swift in Sources */ = {isa = PBXBuildFile; fileRef = 6DAD42861A0DC9CC006DA98F /* MainViewController.swift */; };
/* End PBXBuildFile section */

/* Begin PBXContainerItemProxy section */
		6D7FCDEB1A070CE700A85E03 /* PBXContainerItemProxy */ = {
			isa = PBXContainerItemProxy;
			containerPortal = 6D7FCDCD1A070CE700A85E03 /* Project object */;
			proxyType = 1;
			remoteGlobalIDString = 6D7FCDD41A070CE700A85E03;
			remoteInfo = HackHuaApp;
		};
/* End PBXContainerItemProxy section */

/* Begin PBXFileReference section */
		6D5DFB091A107FD30036C812 /* gori2.jpg */ = {isa = PBXFileReference; lastKnownFileType = image.jpeg; path = gori2.jpg; sourceTree = "<group>"; };
		6D5DFB0B1A107FD90036C812 /* gori1.jpg */ = {isa = PBXFileReference; lastKnownFileType = image.jpeg; path = gori1.jpg; sourceTree = "<group>"; };
		6D6FC7E91A110AD700A4FD75 /* ugu.wav */ = {isa = PBXFileReference; lastKnownFileType = audio.wav; path = ugu.wav; sourceTree = "<group>"; };
		6D6FC7EB1A110ADE00A4FD75 /* ou.wav */ = {isa = PBXFileReference; lastKnownFileType = audio.wav; path = ou.wav; sourceTree = "<group>"; };
		6D6FC7ED1A110AEA00A4FD75 /* guho.mp3 */ = {isa = PBXFileReference; lastKnownFileType = audio.mp3; path = guho.mp3; sourceTree = "<group>"; };
		6D6FC7EF1A110B0500A4FD75 /* gori03.jpg */ = {isa = PBXFileReference; lastKnownFileType = image.jpeg; path = gori03.jpg; sourceTree = "<group>"; };
		6D6FC7F11A110CC600A4FD75 /* ugya.wav */ = {isa = PBXFileReference; lastKnownFileType = audio.wav; path = ugya.wav; sourceTree = "<group>"; };
		6D7FCDD51A070CE700A85E03 /* HackHuaApp.app */ = {isa = PBXFileReference; explicitFileType = wrapper.application; includeInIndex = 0; path = HackHuaApp.app; sourceTree = BUILT_PRODUCTS_DIR; };
		6D7FCDD91A070CE700A85E03 /* Info.plist */ = {isa = PBXFileReference; lastKnownFileType = text.plist.xml; path = Info.plist; sourceTree = "<group>"; };
		6D7FCDDA1A070CE700A85E03 /* AppDelegate.swift */ = {isa = PBXFileReference; lastKnownFileType = sourcecode.swift; path = AppDelegate.swift; sourceTree = "<group>"; };
		6D7FCDDC1A070CE700A85E03 /* ViewController.swift */ = {isa = PBXFileReference; lastKnownFileType = sourcecode.swift; lineEnding = 0; path = ViewController.swift; sourceTree = "<group>"; };
		6D7FCDDF1A070CE700A85E03 /* Base */ = {isa = PBXFileReference; lastKnownFileType = file.storyboard; name = Base; path = Base.lproj/Main.storyboard; sourceTree = "<group>"; };
		6D7FCDE11A070CE700A85E03 /* Images.xcassets */ = {isa = PBXFileReference; lastKnownFileType = folder.assetcatalog; path = Images.xcassets; sourceTree = "<group>"; };
		6D7FCDE41A070CE700A85E03 /* Base */ = {isa = PBXFileReference; lastKnownFileType = file.xib; name = Base; path = Base.lproj/LaunchScreen.xib; sourceTree = "<group>"; };
		6D7FCDEA1A070CE700A85E03 /* HackHuaAppTests.xctest */ = {isa = PBXFileReference; explicitFileType = wrapper.cfbundle; includeInIndex = 0; path = HackHuaAppTests.xctest; sourceTree = BUILT_PRODUCTS_DIR; };
		6D7FCDEF1A070CE700A85E03 /* Info.plist */ = {isa = PBXFileReference; lastKnownFileType = text.plist.xml; path = Info.plist; sourceTree = "<group>"; };
		6D7FCDF01A070CE700A85E03 /* HackHuaAppTests.swift */ = {isa = PBXFileReference; lastKnownFileType = sourcecode.swift; path = HackHuaAppTests.swift; sourceTree = "<group>"; };
		6D969C8F1A136BF5002EEB5E /* いたい.wav */ = {isa = PBXFileReference; lastKnownFileType = audio.wav; path = "いたい.wav"; sourceTree = "<group>"; };
		6D969C911A136BFD002EEB5E /* いてっ.wav */ = {isa = PBXFileReference; lastKnownFileType = audio.wav; path = "いてっ.wav"; sourceTree = "<group>"; };
		6D969C931A136C06002EEB5E /* いたいってば.wav */ = {isa = PBXFileReference; lastKnownFileType = audio.wav; path = "いたいってば.wav"; sourceTree = "<group>"; };
		6D969C951A136DD9002EEB5E /* naki.jpg */ = {isa = PBXFileReference; lastKnownFileType = image.jpeg; path = naki.jpg; sourceTree = "<group>"; };
		6D969C971A136DDF002EEB5E /* odorokijpg.jpg */ = {isa = PBXFileReference; lastKnownFileType = image.jpeg; path = odorokijpg.jpg; sourceTree = "<group>"; };
		6D969C991A136DE6002EEB5E /* warai.jpg */ = {isa = PBXFileReference; lastKnownFileType = image.jpeg; path = warai.jpg; sourceTree = "<group>"; };
		6D969C9B1A137096002EEB5E /* ooi.wav */ = {isa = PBXFileReference; lastKnownFileType = audio.wav; path = ooi.wav; sourceTree = "<group>"; };
		6DAD42541A0DBA51006DA98F /* seikei.jpg */ = {isa = PBXFileReference; lastKnownFileType = image.jpeg; path = seikei.jpg; sourceTree = "<group>"; };
		6DAD42841A0DC67F006DA98F /* acceledataViewController.swift */ = {isa = PBXFileReference; fileEncoding = 4; lastKnownFileType = sourcecode.swift; path = acceledataViewController.swift; sourceTree = "<group>"; };
		6DAD42861A0DC9CC006DA98F /* MainViewController.swift */ = {isa = PBXFileReference; fileEncoding = 4; lastKnownFileType = sourcecode.swift; path = MainViewController.swift; sourceTree = "<group>"; };
/* End PBXFileReference section */

/* Begin PBXFrameworksBuildPhase section */
		6D7FCDD21A070CE700A85E03 /* Frameworks */ = {
			isa = PBXFrameworksBuildPhase;
			buildActionMask = 2147483647;
			files = (
			);
			runOnlyForDeploymentPostprocessing = 0;
		};
		6D7FCDE71A070CE700A85E03 /* Frameworks */ = {
			isa = PBXFrameworksBuildPhase;
			buildActionMask = 2147483647;
			files = (
			);
			runOnlyForDeploymentPostprocessing = 0;
		};
/* End PBXFrameworksBuildPhase section */

/* Begin PBXGroup section */
		6D7FCDCC1A070CE700A85E03 = {
			isa = PBXGroup;
			children = (
				6D7FCDD71A070CE700A85E03 /* HackHuaApp */,
				6D7FCDED1A070CE700A85E03 /* HackHuaAppTests */,
				6D7FCDD61A070CE700A85E03 /* Products */,
				6D6FC7EF1A110B0500A4FD75 /* gori03.jpg */,
				6D5DFB0B1A107FD90036C812 /* gori1.jpg */,
				6D5DFB091A107FD30036C812 /* gori2.jpg */,
				6D6FC7ED1A110AEA00A4FD75 /* guho.mp3 */,
				6D6FC7EB1A110ADE00A4FD75 /* ou.wav */,
				6D6FC7E91A110AD700A4FD75 /* ugu.wav */,
				6D6FC7F11A110CC600A4FD75 /* ugya.wav */,
				6DAD42541A0DBA51006DA98F /* seikei.jpg */,
				6D969C8F1A136BF5002EEB5E /* いたい.wav */,
				6D969C911A136BFD002EEB5E /* いてっ.wav */,
				6D969C931A136C06002EEB5E /* いたいってば.wav */,
				6D969C951A136DD9002EEB5E /* naki.jpg */,
				6D969C9B1A137096002EEB5E /* ooi.wav */,
				6D969C971A136DDF002EEB5E /* odorokijpg.jpg */,
				6D969C991A136DE6002EEB5E /* warai.jpg */,
			);
			sourceTree = "<group>";
		};
		6D7FCDD61A070CE700A85E03 /* Products */ = {
			isa = PBXGroup;
			children = (
				6D7FCDD51A070CE700A85E03 /* HackHuaApp.app */,
				6D7FCDEA1A070CE700A85E03 /* HackHuaAppTests.xctest */,
			);
			name = Products;
			sourceTree = "<group>";
		};
		6D7FCDD71A070CE700A85E03 /* HackHuaApp */ = {
			isa = PBXGroup;
			children = (
				6D7FCDDA1A070CE700A85E03 /* AppDelegate.swift */,
				6D7FCDDC1A070CE700A85E03 /* ViewController.swift */,
				6DAD42841A0DC67F006DA98F /* acceledataViewController.swift */,
				6DAD42861A0DC9CC006DA98F /* MainViewController.swift */,
				6D7FCDDE1A070CE700A85E03 /* Main.storyboard */,
				6D7FCDE11A070CE700A85E03 /* Images.xcassets */,
				6D7FCDE31A070CE700A85E03 /* LaunchScreen.xib */,
				6D7FCDD81A070CE700A85E03 /* Supporting Files */,
			);
			path = HackHuaApp;
			sourceTree = "<group>";
		};
		6D7FCDD81A070CE700A85E03 /* Supporting Files */ = {
			isa = PBXGroup;
			children = (
				6D7FCDD91A070CE700A85E03 /* Info.plist */,
			);
			name = "Supporting Files";
			sourceTree = "<group>";
		};
		6D7FCDED1A070CE700A85E03 /* HackHuaAppTests */ = {
			isa = PBXGroup;
			children = (
				6D7FCDF01A070CE700A85E03 /* HackHuaAppTests.swift */,
				6D7FCDEE1A070CE700A85E03 /* Supporting Files */,
			);
			path = HackHuaAppTests;
			sourceTree = "<group>";
		};
		6D7FCDEE1A070CE700A85E03 /* Supporting Files */ = {
			isa = PBXGroup;
			children = (
				6D7FCDEF1A070CE700A85E03 /* Info.plist */,
			);
			name = "Supporting Files";
			sourceTree = "<group>";
		};
/* End PBXGroup section */

/* Begin PBXNativeTarget section */
		6D7FCDD41A070CE700A85E03 /* HackHuaApp */ = {
			isa = PBXNativeTarget;
			buildConfigurationList = 6D7FCDF41A070CE700A85E03 /* Build configuration list for PBXNativeTarget "HackHuaApp" */;
			buildPhases = (
				6D7FCDD11A070CE700A85E03 /* Sources */,
				6D7FCDD21A070CE700A85E03 /* Frameworks */,
				6D7FCDD31A070CE700A85E03 /* Resources */,
			);
			buildRules = (
			);
			dependencies = (
			);
			name = HackHuaApp;
			productName = HackHuaApp;
			productReference = 6D7FCDD51A070CE700A85E03 /* HackHuaApp.app */;
			productType = "com.apple.product-type.application";
		};
		6D7FCDE91A070CE700A85E03 /* HackHuaAppTests */ = {
			isa = PBXNativeTarget;
			buildConfigurationList = 6D7FCDF71A070CE700A85E03 /* Build configuration list for PBXNativeTarget "HackHuaAppTests" */;
			buildPhases = (
				6D7FCDE61A070CE700A85E03 /* Sources */,
				6D7FCDE71A070CE700A85E03 /* Frameworks */,
				6D7FCDE81A070CE700A85E03 /* Resources */,
			);
			buildRules = (
			);
			dependencies = (
				6D7FCDEC1A070CE700A85E03 /* PBXTargetDependency */,
			);
			name = HackHuaAppTests;
			productName = HackHuaAppTests;
			productReference = 6D7FCDEA1A070CE700A85E03 /* HackHuaAppTests.xctest */;
			productType = "com.apple.product-type.bundle.unit-test";
		};
/* End PBXNativeTarget section */

/* Begin PBXProject section */
		6D7FCDCD1A070CE700A85E03 /* Project object */ = {
			isa = PBXProject;
			attributes = {
				LastUpgradeCheck = 0610;
				ORGANIZATIONNAME = Hua;
				TargetAttributes = {
					6D7FCDD41A070CE700A85E03 = {
						CreatedOnToolsVersion = 6.1;
					};
					6D7FCDE91A070CE700A85E03 = {
						CreatedOnToolsVersion = 6.1;
						TestTargetID = 6D7FCDD41A070CE700A85E03;
					};
				};
			};
			buildConfigurationList = 6D7FCDD01A070CE700A85E03 /* Build configuration list for PBXProject "HackHuaApp" */;
			compatibilityVersion = "Xcode 3.2";
			developmentRegion = English;
			hasScannedForEncodings = 0;
			knownRegions = (
				en,
				Base,
			);
			mainGroup = 6D7FCDCC1A070CE700A85E03;
			productRefGroup = 6D7FCDD61A070CE700A85E03 /* Products */;
			projectDirPath = "";
			projectRoot = "";
			targets = (
				6D7FCDD41A070CE700A85E03 /* HackHuaApp */,
				6D7FCDE91A070CE700A85E03 /* HackHuaAppTests */,
			);
		};
/* End PBXProject section */

/* Begin PBXResourcesBuildPhase section */
		6D7FCDD31A070CE700A85E03 /* Resources */ = {
			isa = PBXResourcesBuildPhase;
			buildActionMask = 2147483647;
			files = (
				6D7FCDE01A070CE700A85E03 /* Main.storyboard in Resources */,
				6D969C961A136DD9002EEB5E /* naki.jpg in Resources */,
				6D7FCDE51A070CE700A85E03 /* LaunchScreen.xib in Resources */,
				6D6FC7F01A110B0500A4FD75 /* gori03.jpg in Resources */,
				6D6FC7EA1A110AD700A4FD75 /* ugu.wav in Resources */,
				6D969C981A136DDF002EEB5E /* odorokijpg.jpg in Resources */,
				6D6FC7EC1A110ADE00A4FD75 /* ou.wav in Resources */,
				6DAD42551A0DBA51006DA98F /* seikei.jpg in Resources */,
				6D969C901A136BF5002EEB5E /* いたい.wav in Resources */,
				6D6FC7F21A110CC600A4FD75 /* ugya.wav in Resources */,
				6D7FCDE21A070CE700A85E03 /* Images.xcassets in Resources */,
				6D969C9A1A136DE6002EEB5E /* warai.jpg in Resources */,
				6D969C9C1A137096002EEB5E /* ooi.wav in Resources */,
				6D969C941A136C06002EEB5E /* いたいってば.wav in Resources */,
				6D969C921A136BFD002EEB5E /* いてっ.wav in Resources */,
				6D6FC7EE1A110AEA00A4FD75 /* guho.mp3 in Resources */,
				6D5DFB0C1A107FD90036C812 /* gori1.jpg in Resources */,
				6D5DFB0A1A107FD30036C812 /* gori2.jpg in Resources */,
			);
			runOnlyForDeploymentPostprocessing = 0;
		};
		6D7FCDE81A070CE700A85E03 /* Resources */ = {
			isa = PBXResourcesBuildPhase;
			buildActionMask = 2147483647;
			files = (
			);
			runOnlyForDeploymentPostprocessing = 0;
		};
/* End PBXResourcesBuildPhase section */

/* Begin PBXSourcesBuildPhase section */
		6D7FCDD11A070CE700A85E03 /* Sources */ = {
			isa = PBXSourcesBuildPhase;
			buildActionMask = 2147483647;
			files = (
				6D7FCDDD1A070CE700A85E03 /* ViewController.swift in Sources */,
				6DAD42851A0DC67F006DA98F /* acceledataViewController.swift in Sources */,
				6D7FCDDB1A070CE700A85E03 /* AppDelegate.swift in Sources */,
				6DAD42871A0DC9CC006DA98F /* MainViewController.swift in Sources */,
			);
			runOnlyForDeploymentPostprocessing = 0;
		};
		6D7FCDE61A070CE700A85E03 /* Sources */ = {
			isa = PBXSourcesBuildPhase;
			buildActionMask = 2147483647;
			files = (
				6D7FCDF11A070CE700A85E03 /* HackHuaAppTests.swift in Sources */,
			);
			runOnlyForDeploymentPostprocessing = 0;
		};
/* End PBXSourcesBuildPhase section */

/* Begin PBXTargetDependency section */
		6D7FCDEC1A070CE700A85E03 /* PBXTargetDependency */ = {
			isa = PBXTargetDependency;
			target = 6D7FCDD41A070CE700A85E03 /* HackHuaApp */;
			targetProxy = 6D7FCDEB1A070CE700A85E03 /* PBXContainerItemProxy */;
		};
/* End PBXTargetDependency section */

/* Begin PBXVariantGroup section */
		6D7FCDDE1A070CE700A85E03 /* Main.storyboard */ = {
			isa = PBXVariantGroup;
			children = (
				6D7FCDDF1A070CE700A85E03 /* Base */,
			);
			name = Main.storyboard;
			sourceTree = "<group>";
		};
		6D7FCDE31A070CE700A85E03 /* LaunchScreen.xib */ = {
			isa = PBXVariantGroup;
			children = (
				6D7FCDE41A070CE700A85E03 /* Base */,
			);
			name = LaunchScreen.xib;
			sourceTree = "<group>";
		};
/* End PBXVariantGroup section */

/* Begin XCBuildConfiguration section */
		6D7FCDF21A070CE700A85E03 /* Debug */ = {
			isa = XCBuildConfiguration;
			buildSettings = {
				ALWAYS_SEARCH_USER_PATHS = NO;
				CLANG_CXX_LANGUAGE_STANDARD = "gnu++0x";
				CLANG_CXX_LIBRARY = "libc++";
				CLANG_ENABLE_MODULES = YES;
				CLANG_ENABLE_OBJC_ARC = YES;
				CLANG_WARN_BOOL_CONVERSION = YES;
				CLANG_WARN_CONSTANT_CONVERSION = YES;
				CLANG_WARN_DIRECT_OBJC_ISA_USAGE = YES_ERROR;
				CLANG_WARN_EMPTY_BODY = YES;
				CLANG_WARN_ENUM_CONVERSION = YES;
				CLANG_WARN_INT_CONVERSION = YES;
				CLANG_WARN_OBJC_ROOT_CLASS = YES_ERROR;
				CLANG_WARN_UNREACHABLE_CODE = YES;
				CLANG_WARN__DUPLICATE_METHOD_MATCH = YES;
				CODE_SIGN_IDENTITY = "iPhone Developer";
				"CODE_SIGN_IDENTITY[sdk=iphoneos*]" = "iPhone Developer";
				COPY_PHASE_STRIP = NO;
				ENABLE_STRICT_OBJC_MSGSEND = YES;
				GCC_C_LANGUAGE_STANDARD = gnu99;
				GCC_DYNAMIC_NO_PIC = NO;
				GCC_OPTIMIZATION_LEVEL = 0;
				GCC_PREPROCESSOR_DEFINITIONS = (
					"DEBUG=1",
					"$(inherited)",
				);
				GCC_SYMBOLS_PRIVATE_EXTERN = NO;
				GCC_WARN_64_TO_32_BIT_CONVERSION = YES;
				GCC_WARN_ABOUT_RETURN_TYPE = YES_ERROR;
				GCC_WARN_UNDECLARED_SELECTOR = YES;
				GCC_WARN_UNINITIALIZED_AUTOS = YES_AGGRESSIVE;
				GCC_WARN_UNUSED_FUNCTION = YES;
				GCC_WARN_UNUSED_VARIABLE = YES;
				IPHONEOS_DEPLOYMENT_TARGET = 8.1;
				MTL_ENABLE_DEBUG_INFO = YES;
				ONLY_ACTIVE_ARCH = YES;
				PROVISIONING_PROFILE = "";
				SDKROOT = iphoneos;
				SWIFT_OPTIMIZATION_LEVEL = "-Onone";
			};
			name = Debug;
		};
		6D7FCDF31A070CE700A85E03 /* Release */ = {
			isa = XCBuildConfiguration;
			buildSettings = {
				ALWAYS_SEARCH_USER_PATHS = NO;
				CLANG_CXX_LANGUAGE_STANDARD = "gnu++0x";
				CLANG_CXX_LIBRARY = "libc++";
				CLANG_ENABLE_MODULES = YES;
				CLANG_ENABLE_OBJC_ARC = YES;
				CLANG_WARN_BOOL_CONVERSION = YES;
				CLANG_WARN_CONSTANT_CONVERSION = YES;
				CLANG_WARN_DIRECT_OBJC_ISA_USAGE = YES_ERROR;
				CLANG_WARN_EMPTY_BODY = YES;
				CLANG_WARN_ENUM_CONVERSION = YES;
				CLANG_WARN_INT_CONVERSION = YES;
				CLANG_WARN_OBJC_ROOT_CLASS = YES_ERROR;
				CLANG_WARN_UNREACHABLE_CODE = YES;
				CLANG_WARN__DUPLICATE_METHOD_MATCH = YES;
				CODE_SIGN_IDENTITY = "iPhone Developer";
				"CODE_SIGN_IDENTITY[sdk=iphoneos*]" = "iPhone Developer";
				COPY_PHASE_STRIP = YES;
				ENABLE_NS_ASSERTIONS = NO;
				ENABLE_STRICT_OBJC_MSGSEND = YES;
				GCC_C_LANGUAGE_STANDARD = gnu99;
				GCC_WARN_64_TO_32_BIT_CONVERSION = YES;
				GCC_WARN_ABOUT_RETURN_TYPE = YES_ERROR;
				GCC_WARN_UNDECLARED_SELECTOR = YES;
				GCC_WARN_UNINITIALIZED_AUTOS = YES_AGGRESSIVE;
				GCC_WARN_UNUSED_FUNCTION = YES;
				GCC_WARN_UNUSED_VARIABLE = YES;
				IPHONEOS_DEPLOYMENT_TARGET = 8.1;
				MTL_ENABLE_DEBUG_INFO = NO;
				PROVISIONING_PROFILE = "";
				SDKROOT = iphoneos;
				VALIDATE_PRODUCT = YES;
			};
			name = Release;
		};
		6D7FCDF51A070CE700A85E03 /* Debug */ = {
			isa = XCBuildConfiguration;
			buildSettings = {
				ASSETCATALOG_COMPILER_APPICON_NAME = AppIcon;
				INFOPLIST_FILE = HackHuaApp/Info.plist;
				LD_RUNPATH_SEARCH_PATHS = "$(inherited) @executable_path/Frameworks";
				PRODUCT_NAME = "$(TARGET_NAME)";
			};
			name = Debug;
		};
		6D7FCDF61A070CE700A85E03 /* Release */ = {
			isa = XCBuildConfiguration;
			buildSettings = {
				ASSETCATALOG_COMPILER_APPICON_NAME = AppIcon;
				INFOPLIST_FILE = HackHuaApp/Info.plist;
				LD_RUNPATH_SEARCH_PATHS = "$(inherited) @executable_path/Frameworks";
				PRODUCT_NAME = "$(TARGET_NAME)";
			};
			name = Release;
		};
		6D7FCDF81A070CE700A85E03 /* Debug */ = {
			isa = XCBuildConfiguration;
			buildSettings = {
				BUNDLE_LOADER = "$(TEST_HOST)";
				FRAMEWORK_SEARCH_PATHS = (
					"$(SDKROOT)/Developer/Library/Frameworks",
					"$(inherited)",
				);
				GCC_PREPROCESSOR_DEFINITIONS = (
					"DEBUG=1",
					"$(inherited)",
				);
				INFOPLIST_FILE = HackHuaAppTests/Info.plist;
				LD_RUNPATH_SEARCH_PATHS = "$(inherited) @executable_path/Frameworks @loader_path/Frameworks";
				PRODUCT_NAME = "$(TARGET_NAME)";
				TEST_HOST = "$(BUILT_PRODUCTS_DIR)/HackHuaApp.app/HackHuaApp";
			};
			name = Debug;
		};
		6D7FCDF91A070CE700A85E03 /* Release */ = {
			isa = XCBuildConfiguration;
			buildSettings = {
				BUNDLE_LOADER = "$(TEST_HOST)";
				FRAMEWORK_SEARCH_PATHS = (
					"$(SDKROOT)/Developer/Library/Frameworks",
					"$(inherited)",
				);
				INFOPLIST_FILE = HackHuaAppTests/Info.plist;
				LD_RUNPATH_SEARCH_PATHS = "$(inherited) @executable_path/Frameworks @loader_path/Frameworks";
				PRODUCT_NAME = "$(TARGET_NAME)";
				TEST_HOST = "$(BUILT_PRODUCTS_DIR)/HackHuaApp.app/HackHuaApp";
			};
			name = Release;
		};
/* End XCBuildConfiguration section */

/* Begin XCConfigurationList section */
		6D7FCDD01A070CE700A85E03 /* Build configuration list for PBXProject "HackHuaApp" */ = {
			isa = XCConfigurationList;
			buildConfigurations = (
				6D7FCDF21A070CE700A85E03 /* Debug */,
				6D7FCDF31A070CE700A85E03 /* Release */,
			);
			defaultConfigurationIsVisible = 0;
			defaultConfigurationName = Release;
		};
		6D7FCDF41A070CE700A85E03 /* Build configuration list for PBXNativeTarget "HackHuaApp" */ = {
			isa = XCConfigurationList;
			buildConfigurations = (
				6D7FCDF51A070CE700A85E03 /* Debug */,
				6D7FCDF61A070CE700A85E03 /* Release */,
			);
			defaultConfigurationIsVisible = 0;
			defaultConfigurationName = Release;
		};
		6D7FCDF71A070CE700A85E03 /* Build configuration list for PBXNativeTarget "HackHuaAppTests" */ = {
			isa = XCConfigurationList;
			buildConfigurations = (
				6D7FCDF81A070CE700A85E03 /* Debug */,
				6D7FCDF91A070CE700A85E03 /* Release */,
			);
			defaultConfigurationIsVisible = 0;
			defaultConfigurationName = Release;
		};
/* End XCConfigurationList section */
	};
	rootObject = 6D7FCDCD1A070CE700A85E03 /* Project object */;
}
